
Microsoft Visual Studio Solution File, Format Version 12.00
# Visual Studio Version 17
VisualStudioVersion = 17.4.33213.308
MinimumVisualStudioVersion = 10.0.40219.1
Project("{FAE04EC0-301F-11D3-BF4B-00C04F79EFBC}") = "EmployeePayrollUsingThread", "EmployeePayrollUsingThread.csproj", "{F813A154-D2E8-4F48-8457-6CA83FE34387}"
EndProject
Project("{FAE04EC0-301F-11D3-BF4B-00C04F79EFBC}") = "EmployeePayrollUsingThreadMStest", "..\EmployeePayrollUsingThreadMStest\EmployeePayrollUsingThreadMStest.csproj", "{7942D0EF-2705-470C-83D9-ED1FDD2BE3E8}"
EndProject
Global
	GlobalSection(SolutionConfigurationPlatforms) = preSolution
		Debug|Any CPU = Debug|Any CPU
		Release|Any CPU = Release|Any CPU
	EndGlobalSection
	GlobalSection(ProjectConfigurationPlatforms) = postSolution
		{F813A154-D2E8-4F48-8457-6CA83FE34387}.Debug|Any CPU.ActiveCfg = Debug|Any CPU
		{F813A154-D2E8-4F48-8457-6CA83FE34387}.Debug|Any CPU.Build.0 = Debug|Any CPU
		{F813A154-D2E8-4F48-8457-6CA83FE34387}.Release|Any CPU.ActiveCfg = Release|Any CPU
		{F813A154-D2E8-4F48-8457-6CA83FE34387}.Release|Any CPU.Build.0 = Release|Any CPU
		{7942D0EF-2705-470C-83D9-ED1FDD2BE3E8}.Debug|Any CPU.ActiveCfg = Debug|Any CPU
		{7942D0EF-2705-470C-83D9-ED1FDD2BE3E8}.Debug|Any CPU.Build.0 = Debug|Any CPU
		{7942D0EF-2705-470C-83D9-ED1FDD2BE3E8}.Release|Any CPU.ActiveCfg = Release|Any CPU
		{7942D0EF-2705-470C-83D9-ED1FDD2BE3E8}.Release|Any CPU.Build.0 = Release|Any CPU
	EndGlobalSection
	GlobalSection(SolutionProperties) = preSolution
		HideSolutionNode = FALSE
	EndGlobalSection
	GlobalSection(ExtensibilityGlobals) = postSolution
		SolutionGuid = {BA004D8A-5C6A-45A8-8BC8-165F33D53E74}
	EndGlobalSection
EndGlobal
